{
  "lockfileVersion": 1,
  "configVersion": 1,
  "workspaces": {
    "": {
      "name": "web-terminal",
      "dependencies": {
        "@hono/cloudflare-access": "^0.3.1",
        "hono": "^4.12.12",
      },
      "devDependencies": {
        "bun-types": "latest",
      },
    },
  },
  "packages": {
    "@hono/cloudflare-access": ["@hono/cloudflare-access@0.3.1", "", { "peerDependencies": { "hono": "*" } }, "sha512-ZY6tVPAOnCG7blKIAjkxqTL5B0FV+EUF8y0XgPwTNyARvdXmXVaUp1QGMd062PEn8bfod8O4v8f89NYlUaQgzw=="],

    "@types/node": ["@types/node@25.0.6", "", { "dependencies": { "undici-types": "~7.16.0" } }, "sha512-NNu0sjyNxpoiW3YuVFfNz7mxSQ+S4X2G28uqg2s+CzoqoQjLPsWSbsFFyztIAqt2vb8kfEAsJNepMGPTxFDx3Q=="],

    "bun-types": ["bun-types@1.3.11", "", { "dependencies": { "@types/node": "*" } }, "sha512-1KGPpoxQWl9f6wcZh57LvrPIInQMn2TQ7jsgxqpRzg+l0QPOFvJVH7HmvHo/AiPgwXy+/Thf6Ov3EdVn1vOabg=="],

    "hono": ["hono@4.12.12", "", {}, "sha512-p1JfQMKaceuCbpJKAPKVqyqviZdS0eUxH9v82oWo1kb9xjQ5wA6iP3FNVAPDFlz5/p7d45lO+BpSk1tuSZMF4Q=="],

    "undici-types": ["undici-types@7.16.0", "", {}, "sha512-Zz+aZWSj8LE6zoxD+xrjh4VfkIG8Ya6LvYkZqtUQGJPZjYl53ypCaUwWqo7eI0x66KBGeRo+mlBEkMSeSZ38Nw=="],
  }
}
